// !$*UTF8*$!
{
	archiveVersion = 1;
	classes = {
	};
	objectVersion = 55;
	objects = {

/* Begin PBXBuildFile section */
		F56AB02228E5724B00734DD2 /* AppDelegate.m in Sources */ = {isa = PBXBuildFile; fileRef = F56AB02128E5724B00734DD2 /* AppDelegate.m */; };
		F56AB02528E5724B00734DD2 /* SceneDelegate.m in Sources */ = {isa = PBXBuildFile; fileRef = F56AB02428E5724B00734DD2 /* SceneDelegate.m */; };
		F56AB02828E5724B00734DD2 /* ViewController.m in Sources */ = {isa = PBXBuildFile; fileRef = F56AB02728E5724B00734DD2 /* ViewController.m */; };
		F56AB02B28E5724B00734DD2 /* Main.storyboard in Resources */ = {isa = PBXBuildFile; fileRef = F56AB02928E5724B00734DD2 /* Main.storyboard */; };
		F56AB02D28E5725200734DD2 /* Assets.xcassets in Resources */ = {isa = PBXBuildFile; fileRef = F56AB02C28E5725200734DD2 /* Assets.xcassets */; };
		F56AB03028E5725200734DD2 /* LaunchScreen.storyboard in Resources */ = {isa = PBXBuildFile; fileRef = F56AB02E28E5725200734DD2 /* LaunchScreen.storyboard */; };
		F56AB03328E5725200734DD2 /* main.m in Sources */ = {isa = PBXBuildFile; fileRef = F56AB03228E5725200734DD2 /* main.m */; };
		F56AB03D28E5725200734DD2 /* NASA_GalleryTests.m in Sources */ = {isa = PBXBuildFile; fileRef = F56AB03C28E5725200734DD2 /* NASA_GalleryTests.m */; };
		F56AB04728E5725200734DD2 /* NASA_GalleryUITests.m in Sources */ = {isa = PBXBuildFile; fileRef = F56AB04628E5725200734DD2 /* NASA_GalleryUITests.m */; };
		F56AB04928E5725200734DD2 /* NASA_GalleryUITestsLaunchTests.m in Sources */ = {isa = PBXBuildFile; fileRef = F56AB04828E5725200734DD2 /* NASA_GalleryUITestsLaunchTests.m */; };
/* End PBXBuildFile section */

/* Begin PBXContainerItemProxy section */
		F56AB03928E5725200734DD2 /* PBXContainerItemProxy */ = {
			isa = PBXContainerItemProxy;
			containerPortal = F56AB01528E5724B00734DD2 /* Project object */;
			proxyType = 1;
			remoteGlobalIDString = F56AB01C28E5724B00734DD2;
			remoteInfo = "NASA-Gallery";
		};
		F56AB04328E5725200734DD2 /* PBXContainerItemProxy */ = {
			isa = PBXContainerItemProxy;
			containerPortal = F56AB01528E5724B00734DD2 /* Project object */;
			proxyType = 1;
			remoteGlobalIDString = F56AB01C28E5724B00734DD2;
			remoteInfo = "NASA-Gallery";
		};
/* End PBXContainerItemProxy section */

/* Begin PBXFileReference section */
		F56AB01D28E5724B00734DD2 /* NASA-Gallery.app */ = {isa = PBXFileReference; explicitFileType = wrapper.application; includeInIndex = 0; path = "NASA-Gallery.app"; sourceTree = BUILT_PRODUCTS_DIR; };
		F56AB02028E5724B00734DD2 /* AppDelegate.h */ = {isa = PBXFileReference; lastKnownFileType = sourcecode.c.h; path = AppDelegate.h; sourceTree = "<group>"; };
		F56AB02128E5724B00734DD2 /* AppDelegate.m */ = {isa = PBXFileReference; lastKnownFileType = sourcecode.c.objc; path = AppDelegate.m; sourceTree = "<group>"; };
		F56AB02328E5724B00734DD2 /* SceneDelegate.h */ = {isa = PBXFileReference; lastKnownFileType = sourcecode.c.h; path = SceneDelegate.h; sourceTree = "<group>"; };
		F56AB02428E5724B00734DD2 /* SceneDelegate.m */ = {isa = PBXFileReference; lastKnownFileType = sourcecode.c.objc; path = SceneDelegate.m; sourceTree = "<group>"; };
		F56AB02628E5724B00734DD2 /* ViewController.h */ = {isa = PBXFileReference; lastKnownFileType = sourcecode.c.h; path = ViewController.h; sourceTree = "<group>"; };
		F56AB02728E5724B00734DD2 /* ViewController.m */ = {isa = PBXFileReference; lastKnownFileType = sourcecode.c.objc; path = ViewController.m; sourceTree = "<group>"; };
		F56AB02A28E5724B00734DD2 /* Base */ = {isa = PBXFileReference; lastKnownFileType = file.storyboard; name = Base; path = Base.lproj/Main.storyboard; sourceTree = "<group>"; };
		F56AB02C28E5725200734DD2 /* Assets.xcassets */ = {isa = PBXFileReference; lastKnownFileType = folder.assetcatalog; path = Assets.xcassets; sourceTree = "<group>"; };
		F56AB02F28E5725200734DD2 /* Base */ = {isa = PBXFileReference; lastKnownFileType = file.storyboard; name = Base; path = Base.lproj/LaunchScreen.storyboard; sourceTree = "<group>"; };
		F56AB03128E5725200734DD2 /* Info.plist */ = {isa = PBXFileReference; lastKnownFileType = text.plist.xml; path = Info.plist; sourceTree = "<group>"; };
		F56AB03228E5725200734DD2 /* main.m */ = {isa = PBXFileReference; lastKnownFileType = sourcecode.c.objc; path = main.m; sourceTree = "<group>"; };
		F56AB03828E5725200734DD2 /* NASA-GalleryTests.xctest */ = {isa = PBXFileReference; explicitFileType = wrapper.cfbundle; includeInIndex = 0; path = "NASA-GalleryTests.xctest"; sourceTree = BUILT_PRODUCTS_DIR; };
		F56AB03C28E5725200734DD2 /* NASA_GalleryTests.m */ = {isa = PBXFileReference; lastKnownFileType = sourcecode.c.objc; path = NASA_GalleryTests.m; sourceTree = "<group>"; };
		F56AB04228E5725200734DD2 /* NASA-GalleryUITests.xctest */ = {isa = PBXFileReference; explicitFileType = wrapper.cfbundle; includeInIndex = 0; path = "NASA-GalleryUITests.xctest"; sourceTree = BUILT_PRODUCTS_DIR; };
		F56AB04628E5725200734DD2 /* NASA_GalleryUITests.m */ = {isa = PBXFileReference; lastKnownFileType = sourcecode.c.objc; path = NASA_GalleryUITests.m; sourceTree = "<group>"; };
		F56AB04828E5725200734DD2 /* NASA_GalleryUITestsLaunchTests.m */ = {isa = PBXFileReference; lastKnownFileType = sourcecode.c.objc; path = NASA_GalleryUITestsLaunchTests.m; sourceTree = "<group>"; };
/* End PBXFileReference section */

/* Begin PBXFrameworksBuildPhase section */
		F56AB01A28E5724B00734DD2 /* Frameworks */ = {
			isa = PBXFrameworksBuildPhase;
			buildActionMask = 2147483647;
			files = (
			);
			runOnlyForDeploymentPostprocessing = 0;
		};
		F56AB03528E5725200734DD2 /* Frameworks */ = {
			isa = PBXFrameworksBuildPhase;
			buildActionMask = 2147483647;
			files = (
			);
			runOnlyForDeploymentPostprocessing = 0;
		};
		F56AB03F28E5725200734DD2 /* Frameworks */ = {
			isa = PBXFrameworksBuildPhase;
			buildActionMask = 2147483647;
			files = (
			);
			runOnlyForDeploymentPostprocessing = 0;
		};
/* End PBXFrameworksBuildPhase section */

/* Begin PBXGroup section */
		F56AB01428E5724B00734DD2 = {
			isa = PBXGroup;
			children = (
				F56AB01F28E5724B00734DD2 /* NASA-Gallery */,
				F56AB03B28E5725200734DD2 /* NASA-GalleryTests */,
				F56AB04528E5725200734DD2 /* NASA-GalleryUITests */,
				F56AB01E28E5724B00734DD2 /* Products */,
			);
			sourceTree = "<group>";
		};
		F56AB01E28E5724B00734DD2 /* Products */ = {
			isa = PBXGroup;
			children = (
				F56AB01D28E5724B00734DD2 /* NASA-Gallery.app */,
				F56AB03828E5725200734DD2 /* NASA-GalleryTests.xctest */,
				F56AB04228E5725200734DD2 /* NASA-GalleryUITests.xctest */,
			);
			name = Products;
			sourceTree = "<group>";
		};
		F56AB01F28E5724B00734DD2 /* NASA-Gallery */ = {
			isa = PBXGroup;
			children = (
				F56AB02028E5724B00734DD2 /* AppDelegate.h */,
				F56AB02128E5724B00734DD2 /* AppDelegate.m */,
				F56AB02328E5724B00734DD2 /* SceneDelegate.h */,
				F56AB02428E5724B00734DD2 /* SceneDelegate.m */,
				F56AB02628E5724B00734DD2 /* ViewController.h */,
				F56AB02728E5724B00734DD2 /* ViewController.m */,
				F56AB02928E5724B00734DD2 /* Main.storyboard */,
				F56AB02C28E5725200734DD2 /* Assets.xcassets */,
				F56AB02E28E5725200734DD2 /* LaunchScreen.storyboard */,
				F56AB03128E5725200734DD2 /* Info.plist */,
				F56AB03228E5725200734DD2 /* main.m */,
			);
			path = "NASA-Gallery";
			sourceTree = "<group>";
		};
		F56AB03B28E5725200734DD2 /* NASA-GalleryTests */ = {
			isa = PBXGroup;
			children = (
				F56AB03C28E5725200734DD2 /* NASA_GalleryTests.m */,
			);
			path = "NASA-GalleryTests";
			sourceTree = "<group>";
		};
		F56AB04528E5725200734DD2 /* NASA-GalleryUITests */ = {
			isa = PBXGroup;
			children = (
				F56AB04628E5725200734DD2 /* NASA_GalleryUITests.m */,
				F56AB04828E5725200734DD2 /* NASA_GalleryUITestsLaunchTests.m */,
			);
			path = "NASA-GalleryUITests";
			sourceTree = "<group>";
		};
/* End PBXGroup section */

/* Begin PBXNativeTarget section */
		F56AB01C28E5724B00734DD2 /* NASA-Gallery */ = {
			isa = PBXNativeTarget;
			buildConfigurationList = F56AB04C28E5725200734DD2 /* Build configuration list for PBXNativeTarget "NASA-Gallery" */;
			buildPhases = (
				F56AB01928E5724B00734DD2 /* Sources */,
				F56AB01A28E5724B00734DD2 /* Frameworks */,
				F56AB01B28E5724B00734DD2 /* Resources */,
			);
			buildRules = (
			);
			dependencies = (
			);
			name = "NASA-Gallery";
			productName = "NASA-Gallery";
			productReference = F56AB01D28E5724B00734DD2 /* NASA-Gallery.app */;
			productType = "com.apple.product-type.application";
		};
		F56AB03728E5725200734DD2 /* NASA-GalleryTests */ = {
			isa = PBXNativeTarget;
			buildConfigurationList = F56AB04F28E5725200734DD2 /* Build configuration list for PBXNativeTarget "NASA-GalleryTests" */;
			buildPhases = (
				F56AB03428E5725200734DD2 /* Sources */,
				F56AB03528E5725200734DD2 /* Frameworks */,
				F56AB03628E5725200734DD2 /* Resources */,
			);
			buildRules = (
			);
			dependencies = (
				F56AB03A28E5725200734DD2 /* PBXTargetDependency */,
			);
			name = "NASA-GalleryTests";
			productName = "NASA-GalleryTests";
			productReference = F56AB03828E5725200734DD2 /* NASA-GalleryTests.xctest */;
			productType = "com.apple.product-type.bundle.unit-test";
		};
		F56AB04128E5725200734DD2 /* NASA-GalleryUITests */ = {
			isa = PBXNativeTarget;
			buildConfigurationList = F56AB05228E5725200734DD2 /* Build configuration list for PBXNativeTarget "NASA-GalleryUITests" */;
			buildPhases = (
				F56AB03E28E5725200734DD2 /* Sources */,
				F56AB03F28E5725200734DD2 /* Frameworks */,
				F56AB04028E5725200734DD2 /* Resources */,
			);
			buildRules = (
			);
			dependencies = (
				F56AB04428E5725200734DD2 /* PBXTargetDependency */,
			);
			name = "NASA-GalleryUITests";
			productName = "NASA-GalleryUITests";
			productReference = F56AB04228E5725200734DD2 /* NASA-GalleryUITests.xctest */;
			productType = "com.apple.product-type.bundle.ui-testing";
		};
/* End PBXNativeTarget section */

/* Begin PBXProject section */
		F56AB01528E5724B00734DD2 /* Project object */ = {
			isa = PBXProject;
			attributes = {
				BuildIndependentTargetsInParallel = 1;
				LastUpgradeCheck = 1320;
				TargetAttributes = {
					F56AB01C28E5724B00734DD2 = {
						CreatedOnToolsVersion = 13.2.1;
					};
					F56AB03728E5725200734DD2 = {
						CreatedOnToolsVersion = 13.2.1;
						TestTargetID = F56AB01C28E5724B00734DD2;
					};
					F56AB04128E5725200734DD2 = {
						CreatedOnToolsVersion = 13.2.1;
						TestTargetID = F56AB01C28E5724B00734DD2;
					};
				};
			};
			buildConfigurationList = F56AB01828E5724B00734DD2 /* Build configuration list for PBXProject "NASA-Gallery" */;
			compatibilityVersion = "Xcode 13.0";
			developmentRegion = en;
			hasScannedForEncodings = 0;
			knownRegions = (
				en,
				Base,
			);
			mainGroup = F56AB01428E5724B00734DD2;
			productRefGroup = F56AB01E28E5724B00734DD2 /* Products */;
			projectDirPath = "";
			projectRoot = "";
			targets = (
				F56AB01C28E5724B00734DD2 /* NASA-Gallery */,
				F56AB03728E5725200734DD2 /* NASA-GalleryTests */,
				F56AB04128E5725200734DD2 /* NASA-GalleryUITests */,
			);
		};
/* End PBXProject section */

/* Begin PBXResourcesBuildPhase section */
		F56AB01B28E5724B00734DD2 /* Resources */ = {
			isa = PBXResourcesBuildPhase;
			buildActionMask = 2147483647;
			files = (
				F56AB03028E5725200734DD2 /* LaunchScreen.storyboard in Resources */,
				F56AB02D28E5725200734DD2 /* Assets.xcassets in Resources */,
				F56AB02B28E5724B00734DD2 /* Main.storyboard in Resources */,
			);
			runOnlyForDeploymentPostprocessing = 0;
		};
		F56AB03628E5725200734DD2 /* Resources */ = {
			isa = PBXResourcesBuildPhase;
			buildActionMask = 2147483647;
			files = (
			);
			runOnlyForDeploymentPostprocessing = 0;
		};
		F56AB04028E5725200734DD2 /* Resources */ = {
			isa = PBXResourcesBuildPhase;
			buildActionMask = 2147483647;
			files = (
			);
			runOnlyForDeploymentPostprocessing = 0;
		};
/* End PBXResourcesBuildPhase section */

/* Begin PBXSourcesBuildPhase section */
		F56AB01928E5724B00734DD2 /* Sources */ = {
			isa = PBXSourcesBuildPhase;
			buildActionMask = 2147483647;
			files = (
				F56AB02828E5724B00734DD2 /* ViewController.m in Sources */,
				F56AB02228E5724B00734DD2 /* AppDelegate.m in Sources */,
				F56AB03328E5725200734DD2 /* main.m in Sources */,
				F56AB02528E5724B00734DD2 /* SceneDelegate.m in Sources */,
			);
			runOnlyForDeploymentPostprocessing = 0;
		};
		F56AB03428E5725200734DD2 /* Sources */ = {
			isa = PBXSourcesBuildPhase;
			buildActionMask = 2147483647;
			files = (
				F56AB03D28E5725200734DD2 /* NASA_GalleryTests.m in Sources */,
			);
			runOnlyForDeploymentPostprocessing = 0;
		};
		F56AB03E28E5725200734DD2 /* Sources */ = {
			isa = PBXSourcesBuildPhase;
			buildActionMask = 2147483647;
			files = (
				F56AB04928E5725200734DD2 /* NASA_GalleryUITestsLaunchTests.m in Sources */,
				F56AB04728E5725200734DD2 /* NASA_GalleryUITests.m in Sources */,
			);
			runOnlyForDeploymentPostprocessing = 0;
		};
/* End PBXSourcesBuildPhase section */

/* Begin PBXTargetDependency section */
		F56AB03A28E5725200734DD2 /* PBXTargetDependency */ = {
			isa = PBXTargetDependency;
			target = F56AB01C28E5724B00734DD2 /* NASA-Gallery */;
			targetProxy = F56AB03928E5725200734DD2 /* PBXContainerItemProxy */;
		};
		F56AB04428E5725200734DD2 /* PBXTargetDependency */ = {
			isa = PBXTargetDependency;
			target = F56AB01C28E5724B00734DD2 /* NASA-Gallery */;
			targetProxy = F56AB04328E5725200734DD2 /* PBXContainerItemProxy */;
		};
/* End PBXTargetDependency section */

/* Begin PBXVariantGroup section */
		F56AB02928E5724B00734DD2 /* Main.storyboard */ = {
			isa = PBXVariantGroup;
			children = (
				F56AB02A28E5724B00734DD2 /* Base */,
			);
			name = Main.storyboard;
			sourceTree = "<group>";
		};
		F56AB02E28E5725200734DD2 /* LaunchScreen.storyboard */ = {
			isa = PBXVariantGroup;
			children = (
				F56AB02F28E5725200734DD2 /* Base */,
			);
			name = LaunchScreen.storyboard;
			sourceTree = "<group>";
		};
/* End PBXVariantGroup section */

/* Begin XCBuildConfiguration section */
		F56AB04A28E5725200734DD2 /* Debug */ = {
			isa = XCBuildConfiguration;
			buildSettings = {
				ALWAYS_SEARCH_USER_PATHS = NO;
				CLANG_ANALYZER_NONNULL = YES;
				CLANG_ANALYZER_NUMBER_OBJECT_CONVERSION = YES_AGGRESSIVE;
				CLANG_CXX_LANGUAGE_STANDARD = "gnu++17";
				CLANG_CXX_LIBRARY = "libc++";
				CLANG_ENABLE_MODULES = YES;
				CLANG_ENABLE_OBJC_ARC = YES;
				CLANG_ENABLE_OBJC_WEAK = YES;
				CLANG_WARN_BLOCK_CAPTURE_AUTORELEASING = YES;
				CLANG_WARN_BOOL_CONVERSION = YES;
				CLANG_WARN_COMMA = YES;
				CLANG_WARN_CONSTANT_CONVERSION = YES;
				CLANG_WARN_DEPRECATED_OBJC_IMPLEMENTATIONS = YES;
				CLANG_WARN_DIRECT_OBJC_ISA_USAGE = YES_ERROR;
				CLANG_WARN_DOCUMENTATION_COMMENTS = YES;
				CLANG_WARN_EMPTY_BODY = YES;
				CLANG_WARN_ENUM_CONVERSION = YES;
				CLANG_WARN_INFINITE_RECURSION = YES;
				CLANG_WARN_INT_CONVERSION = YES;
				CLANG_WARN_NON_LITERAL_NULL_CONVERSION = YES;
				CLANG_WARN_OBJC_IMPLICIT_RETAIN_SELF = YES;
				CLANG_WARN_OBJC_LITERAL_CONVERSION = YES;
				CLANG_WARN_OBJC_ROOT_CLASS = YES_ERROR;
				CLANG_WARN_QUOTED_INCLUDE_IN_FRAMEWORK_HEADER = YES;
				CLANG_WARN_RANGE_LOOP_ANALYSIS = YES;
				CLANG_WARN_STRICT_PROTOTYPES = YES;
				CLANG_WARN_SUSPICIOUS_MOVE = YES;
				CLANG_WARN_UNGUARDED_AVAILABILITY = YES_AGGRESSIVE;
				CLANG_WARN_UNREACHABLE_CODE = YES;
				CLANG_WARN__DUPLICATE_METHOD_MATCH = YES;
				COPY_PHASE_STRIP = NO;
				DEBUG_INFORMATION_FORMAT = dwarf;
				ENABLE_STRICT_OBJC_MSGSEND = YES;
				ENABLE_TESTABILITY = YES;
				GCC_C_LANGUAGE_STANDARD = gnu11;
				GCC_DYNAMIC_NO_PIC = NO;
				GCC_NO_COMMON_BLOCKS = YES;
				GCC_OPTIMIZATION_LEVEL = 0;
				GCC_PREPROCESSOR_DEFINITIONS = (
					"DEBUG=1",
					"$(inherited)",
				);
				GCC_WARN_64_TO_32_BIT_CONVERSION = YES;
				GCC_WARN_ABOUT_RETURN_TYPE = YES_ERROR;
				GCC_WARN_UNDECLARED_SELECTOR = YES;
				GCC_WARN_UNINITIALIZED_AUTOS = YES_AGGRESSIVE;
				GCC_WARN_UNUSED_FUNCTION = YES;
				GCC_WARN_UNUSED_VARIABLE = YES;
				IPHONEOS_DEPLOYMENT_TARGET = 15.2;
				MTL_ENABLE_DEBUG_INFO = INCLUDE_SOURCE;
				MTL_FAST_MATH = YES;
				ONLY_ACTIVE_ARCH = YES;
				SDKROOT = iphoneos;
			};
			name = Debug;
		};
		F56AB04B28E5725200734DD2 /* Release */ = {
			isa = XCBuildConfiguration;
			buildSettings = {
				ALWAYS_SEARCH_USER_PATHS = NO;
				CLANG_ANALYZER_NONNULL = YES;
				CLANG_ANALYZER_NUMBER_OBJECT_CONVERSION = YES_AGGRESSIVE;
				CLANG_CXX_LANGUAGE_STANDARD = "gnu++17";
				CLANG_CXX_LIBRARY = "libc++";
				CLANG_ENABLE_MODULES = YES;
				CLANG_ENABLE_OBJC_ARC = YES;
				CLANG_ENABLE_OBJC_WEAK = YES;
				CLANG_WARN_BLOCK_CAPTURE_AUTORELEASING = YES;
				CLANG_WARN_BOOL_CONVERSION = YES;
				CLANG_WARN_COMMA = YES;
				CLANG_WARN_CONSTANT_CONVERSION = YES;
				CLANG_WARN_DEPRECATED_OBJC_IMPLEMENTATIONS = YES;
				CLANG_WARN_DIRECT_OBJC_ISA_USAGE = YES_ERROR;
				CLANG_WARN_DOCUMENTATION_COMMENTS = YES;
				CLANG_WARN_EMPTY_BODY = YES;
				CLANG_WARN_ENUM_CONVERSION = YES;
				CLANG_WARN_INFINITE_RECURSION = YES;
				CLANG_WARN_INT_CONVERSION = YES;
				CLANG_WARN_NON_LITERAL_NULL_CONVERSION = YES;
				CLANG_WARN_OBJC_IMPLICIT_RETAIN_SELF = YES;
				CLANG_WARN_OBJC_LITERAL_CONVERSION = YES;
				CLANG_WARN_OBJC_ROOT_CLASS = YES_ERROR;
				CLANG_WARN_QUOTED_INCLUDE_IN_FRAMEWORK_HEADER = YES;
				CLANG_WARN_RANGE_LOOP_ANALYSIS = YES;
				CLANG_WARN_STRICT_PROTOTYPES = YES;
				CLANG_WARN_SUSPICIOUS_MOVE = YES;
				CLANG_WARN_UNGUARDED_AVAILABILITY = YES_AGGRESSIVE;
				CLANG_WARN_UNREACHABLE_CODE = YES;
				CLANG_WARN__DUPLICATE_METHOD_MATCH = YES;
				COPY_PHASE_STRIP = NO;
				DEBUG_INFORMATION_FORMAT = "dwarf-with-dsym";
				ENABLE_NS_ASSERTIONS = NO;
				ENABLE_STRICT_OBJC_MSGSEND = YES;
				GCC_C_LANGUAGE_STANDARD = gnu11;
				GCC_NO_COMMON_BLOCKS = YES;
				GCC_WARN_64_TO_32_BIT_CONVERSION = YES;
				GCC_WARN_ABOUT_RETURN_TYPE = YES_ERROR;
				GCC_WARN_UNDECLARED_SELECTOR = YES;
				GCC_WARN_UNINITIALIZED_AUTOS = YES_AGGRESSIVE;
				GCC_WARN_UNUSED_FUNCTION = YES;
				GCC_WARN_UNUSED_VARIABLE = YES;
				IPHONEOS_DEPLOYMENT_TARGET = 15.2;
				MTL_ENABLE_DEBUG_INFO = NO;
				MTL_FAST_MATH = YES;
				SDKROOT = iphoneos;
				VALIDATE_PRODUCT = YES;
			};
			name = Release;
		};
		F56AB04D28E5725200734DD2 /* Debug */ = {
			isa = XCBuildConfiguration;
			buildSettings = {
				ASSETCATALOG_COMPILER_APPICON_NAME = AppIcon;
				ASSETCATALOG_COMPILER_GLOBAL_ACCENT_COLOR_NAME = AccentColor;
				CODE_SIGN_STYLE = Automatic;
				CURRENT_PROJECT_VERSION = 1;
				DEVELOPMENT_TEAM = Q93F2L56JP;
				GENERATE_INFOPLIST_FILE = YES;
				INFOPLIST_FILE = "NASA-Gallery/Info.plist";
				INFOPLIST_KEY_UIApplicationSupportsIndirectInputEvents = YES;
				INFOPLIST_KEY_UILaunchStoryboardName = LaunchScreen;
				INFOPLIST_KEY_UIMainStoryboardFile = Main;
				INFOPLIST_KEY_UISupportedInterfaceOrientations_iPad = "UIInterfaceOrientationPortrait UIInterfaceOrientationPortraitUpsideDown UIInterfaceOrientationLandscapeLeft UIInterfaceOrientationLandscapeRight";
				INFOPLIST_KEY_UISupportedInterfaceOrientations_iPhone = "UIInterfaceOrientationPortrait UIInterfaceOrientationLandscapeLeft UIInterfaceOrientationLandscapeRight";
				LD_RUNPATH_SEARCH_PATHS = (
					"$(inherited)",
					"@executable_path/Frameworks",
				);
				MARKETING_VERSION = 1.0;
				PRODUCT_BUNDLE_IDENTIFIER = "com.allan.NASA-Gallery";
				PRODUCT_NAME = "$(TARGET_NAME)";
				SWIFT_EMIT_LOC_STRINGS = YES;
				TARGETED_DEVICE_FAMILY = "1,2";
			};
			name = Debug;
		};
		F56AB04E28E5725200734DD2 /* Release */ = {
			isa = XCBuildConfiguration;
			buildSettings = {
				ASSETCATALOG_COMPILER_APPICON_NAME = AppIcon;
				ASSETCATALOG_COMPILER_GLOBAL_ACCENT_COLOR_NAME = AccentColor;
				CODE_SIGN_STYLE = Automatic;
				CURRENT_PROJECT_VERSION = 1;
				DEVELOPMENT_TEAM = Q93F2L56JP;
				GENERATE_INFOPLIST_FILE = YES;
				INFOPLIST_FILE = "NASA-Gallery/Info.plist";
				INFOPLIST_KEY_UIApplicationSupportsIndirectInputEvents = YES;
				INFOPLIST_KEY_UILaunchStoryboardName = LaunchScreen;
				INFOPLIST_KEY_UIMainStoryboardFile = Main;
				INFOPLIST_KEY_UISupportedInterfaceOrientations_iPad = "UIInterfaceOrientationPortrait UIInterfaceOrientationPortraitUpsideDown UIInterfaceOrientationLandscapeLeft UIInterfaceOrientationLandscapeRight";
				INFOPLIST_KEY_UISupportedInterfaceOrientations_iPhone = "UIInterfaceOrientationPortrait UIInterfaceOrientationLandscapeLeft UIInterfaceOrientationLandscapeRight";
				LD_RUNPATH_SEARCH_PATHS = (
					"$(inherited)",
					"@executable_path/Frameworks",
				);
				MARKETING_VERSION = 1.0;
				PRODUCT_BUNDLE_IDENTIFIER = "com.allan.NASA-Gallery";
				PRODUCT_NAME = "$(TARGET_NAME)";
				SWIFT_EMIT_LOC_STRINGS = YES;
				TARGETED_DEVICE_FAMILY = "1,2";
			};
			name = Release;
		};
		F56AB05028E5725200734DD2 /* Debug */ = {
			isa = XCBuildConfiguration;
			buildSettings = {
				BUNDLE_LOADER = "$(TEST_HOST)";
				CODE_SIGN_STYLE = Automatic;
				CURRENT_PROJECT_VERSION = 1;
				DEVELOPMENT_TEAM = Q93F2L56JP;
				GENERATE_INFOPLIST_FILE = YES;
				IPHONEOS_DEPLOYMENT_TARGET = 15.2;
				MARKETING_VERSION = 1.0;
				PRODUCT_BUNDLE_IDENTIFIER = "com.allan.NASA-GalleryTests";
				PRODUCT_NAME = "$(TARGET_NAME)";
				SWIFT_EMIT_LOC_STRINGS = NO;
				TARGETED_DEVICE_FAMILY = "1,2";
				TEST_HOST = "$(BUILT_PRODUCTS_DIR)/NASA-Gallery.app/NASA-Gallery";
			};
			name = Debug;
		};
		F56AB05128E5725200734DD2 /* Release */ = {
			isa = XCBuildConfiguration;
			buildSettings = {
				BUNDLE_LOADER = "$(TEST_HOST)";
				CODE_SIGN_STYLE = Automatic;
				CURRENT_PROJECT_VERSION = 1;
				DEVELOPMENT_TEAM = Q93F2L56JP;
				GENERATE_INFOPLIST_FILE = YES;
				IPHONEOS_DEPLOYMENT_TARGET = 15.2;
				MARKETING_VERSION = 1.0;
				PRODUCT_BUNDLE_IDENTIFIER = "com.allan.NASA-GalleryTests";
				PRODUCT_NAME = "$(TARGET_NAME)";
				SWIFT_EMIT_LOC_STRINGS = NO;
				TARGETED_DEVICE_FAMILY = "1,2";
				TEST_HOST = "$(BUILT_PRODUCTS_DIR)/NASA-Gallery.app/NASA-Gallery";
			};
			name = Release;
		};
		F56AB05328E5725200734DD2 /* Debug */ = {
			isa = XCBuildConfiguration;
			buildSettings = {
				CODE_SIGN_STYLE = Automatic;
				CURRENT_PROJECT_VERSION = 1;
				DEVELOPMENT_TEAM = Q93F2L56JP;
				GENERATE_INFOPLIST_FILE = YES;
				MARKETING_VERSION = 1.0;
				PRODUCT_BUNDLE_IDENTIFIER = "com.allan.NASA-GalleryUITests";
				PRODUCT_NAME = "$(TARGET_NAME)";
				SWIFT_EMIT_LOC_STRINGS = NO;
				TARGETED_DEVICE_FAMILY = "1,2";
				TEST_TARGET_NAME = "NASA-Gallery";
			};
			name = Debug;
		};
		F56AB05428E5725200734DD2 /* Release */ = {
			isa = XCBuildConfiguration;
			buildSettings = {
				CODE_SIGN_STYLE = Automatic;
				CURRENT_PROJECT_VERSION = 1;
				DEVELOPMENT_TEAM = Q93F2L56JP;
				GENERATE_INFOPLIST_FILE = YES;
				MARKETING_VERSION = 1.0;
				PRODUCT_BUNDLE_IDENTIFIER = "com.allan.NASA-GalleryUITests";
				PRODUCT_NAME = "$(TARGET_NAME)";
				SWIFT_EMIT_LOC_STRINGS = NO;
				TARGETED_DEVICE_FAMILY = "1,2";
				TEST_TARGET_NAME = "NASA-Gallery";
			};
			name = Release;
		};
/* End XCBuildConfiguration section */

/* Begin XCConfigurationList section */
		F56AB01828E5724B00734DD2 /* Build configuration list for PBXProject "NASA-Gallery" */ = {
			isa = XCConfigurationList;
			buildConfigurations = (
				F56AB04A28E5725200734DD2 /* Debug */,
				F56AB04B28E5725200734DD2 /* Release */,
			);
			defaultConfigurationIsVisible = 0;
			defaultConfigurationName = Release;
		};
		F56AB04C28E5725200734DD2 /* Build configuration list for PBXNativeTarget "NASA-Gallery" */ = {
			isa = XCConfigurationList;
			buildConfigurations = (
				F56AB04D28E5725200734DD2 /* Debug */,
				F56AB04E28E5725200734DD2 /* Release */,
			);
			defaultConfigurationIsVisible = 0;
			defaultConfigurationName = Release;
		};
		F56AB04F28E5725200734DD2 /* Build configuration list for PBXNativeTarget "NASA-GalleryTests" */ = {
			isa = XCConfigurationList;
			buildConfigurations = (
				F56AB05028E5725200734DD2 /* Debug */,
				F56AB05128E5725200734DD2 /* Release */,
			);
			defaultConfigurationIsVisible = 0;
			defaultConfigurationName = Release;
		};
		F56AB05228E5725200734DD2 /* Build configuration list for PBXNativeTarget "NASA-GalleryUITests" */ = {
			isa = XCConfigurationList;
			buildConfigurations = (
				F56AB05328E5725200734DD2 /* Debug */,
				F56AB05428E5725200734DD2 /* Release */,
			);
			defaultConfigurationIsVisible = 0;
			defaultConfigurationName = Release;
		};
/* End XCConfigurationList section */
	};
	rootObject = F56AB01528E5724B00734DD2 /* Project object */;
}
